
Microsoft Visual Studio Solution File, Format Version 12.00
# Visual Studio Version 17
VisualStudioVersion = 17.0.32126.317
MinimumVisualStudioVersion = 10.0.40219.1
Project("{9A19103F-16F7-4668-BE54-9A1E7A4F7556}") = "ft-dca", "ft-dca.csproj", "{A88BF91F-D4E9-471A-9AC9-AFA5A120740E}"
EndProject
Global
	GlobalSection(SolutionConfigurationPlatforms) = preSolution
		Debug|Any CPU = Debug|Any CPU
		Release|Any CPU = Release|Any CPU
	EndGlobalSection
	GlobalSection(ProjectConfigurationPlatforms) = postSolution
		{A88BF91F-D4E9-471A-9AC9-AFA5A120740E}.Debug|Any CPU.ActiveCfg = Debug|Any CPU
		{A88BF91F-D4E9-471A-9AC9-AFA5A120740E}.Debug|Any CPU.Build.0 = Debug|Any CPU
		{A88BF91F-D4E9-471A-9AC9-AFA5A120740E}.Release|Any CPU.ActiveCfg = Release|Any CPU
		{A88BF91F-D4E9-471A-9AC9-AFA5A120740E}.Release|Any CPU.Build.0 = Release|Any CPU
	EndGlobalSection
	GlobalSection(SolutionProperties) = preSolution
		HideSolutionNode = FALSE
	EndGlobalSection
	GlobalSection(ExtensibilityGlobals) = postSolution
		SolutionGuid = {BE1AF38A-CC95-49B4-A291-C80789E378BD}
	EndGlobalSection
EndGlobal
